
Microsoft Visual Studio Solution File, Format Version 12.00
# Visual Studio 15
VisualStudioVersion = 15.0.26228.12
MinimumVisualStudioVersion = 10.0.40219.1
Project("{FAE04EC0-301F-11D3-BF4B-00C04F79EFBC}") = "Cake.Terraform", "Cake.Terraform\Cake.Terraform.csproj", "{C6E9A60F-9055-4E54-9E29-7F277875ABC1}"
EndProject
Project("{FAE04EC0-301F-11D3-BF4B-00C04F79EFBC}") = "Cake.Terraform.Tests", "Cake.Terraform.Tests\Cake.Terraform.Tests.csproj", "{AB9EDCDE-48B6-4B6E-B0B6-28CF549A6591}"
EndProject
Global
	GlobalSection(SolutionConfigurationPlatforms) = preSolution
		Debug|Any CPU = Debug|Any CPU
		Release|Any CPU = Release|Any CPU
	EndGlobalSection
	GlobalSection(ProjectConfigurationPlatforms) = postSolution
		{C6E9A60F-9055-4E54-9E29-7F277875ABC1}.Debug|Any CPU.ActiveCfg = Debug|Any CPU
		{C6E9A60F-9055-4E54-9E29-7F277875ABC1}.Debug|Any CPU.Build.0 = Debug|Any CPU
		{C6E9A60F-9055-4E54-9E29-7F277875ABC1}.Release|Any CPU.ActiveCfg = Release|Any CPU
		{C6E9A60F-9055-4E54-9E29-7F277875ABC1}.Release|Any CPU.Build.0 = Release|Any CPU
		{AB9EDCDE-48B6-4B6E-B0B6-28CF549A6591}.Debug|Any CPU.ActiveCfg = Debug|Any CPU
		{AB9EDCDE-48B6-4B6E-B0B6-28CF549A6591}.Debug|Any CPU.Build.0 = Debug|Any CPU
		{AB9EDCDE-48B6-4B6E-B0B6-28CF549A6591}.Release|Any CPU.ActiveCfg = Release|Any CPU
		{AB9EDCDE-48B6-4B6E-B0B6-28CF549A6591}.Release|Any CPU.Build.0 = Release|Any CPU
	EndGlobalSection
	GlobalSection(SolutionProperties) = preSolution
		HideSolutionNode = FALSE
	EndGlobalSection
EndGlobal
